
Microsoft Visual Studio Solution File, Format Version 12.00
# Visual Studio Version 17
VisualStudioVersion = 17.0.32014.148
MinimumVisualStudioVersion = 10.0.40219.1
Project("{FAE04EC0-301F-11D3-BF4B-00C04F79EFBC}") = "MyFirstContinuousIntegration", "MyFirstContinuousIntegration\MyFirstContinuousIntegration.csproj", "{9C39EE81-BE6F-480F-AAAA-F591045FC002}"
EndProject
Global
	GlobalSection(SolutionConfigurationPlatforms) = preSolution
		Debug|Any CPU = Debug|Any CPU
		Release|Any CPU = Release|Any CPU
	EndGlobalSection
	GlobalSection(ProjectConfigurationPlatforms) = postSolution
		{9C39EE81-BE6F-480F-AAAA-F591045FC002}.Debug|Any CPU.ActiveCfg = Debug|Any CPU
		{9C39EE81-BE6F-480F-AAAA-F591045FC002}.Debug|Any CPU.Build.0 = Debug|Any CPU
		{9C39EE81-BE6F-480F-AAAA-F591045FC002}.Release|Any CPU.ActiveCfg = Release|Any CPU
		{9C39EE81-BE6F-480F-AAAA-F591045FC002}.Release|Any CPU.Build.0 = Release|Any CPU
	EndGlobalSection
	GlobalSection(SolutionProperties) = preSolution
		HideSolutionNode = FALSE
	EndGlobalSection
	GlobalSection(ExtensibilityGlobals) = postSolution
		SolutionGuid = {BE2B8C93-EABB-4811-AC6E-3A6911DF72E8}
	EndGlobalSection
EndGlobal
